<Solution>
  <Folder Name="/samples/Console/">
    <Project Path="samples/Console/Console.csproj" />
    <Project Path="samples/Terminal/Terminal.csproj" />
  </Folder>
  <Folder Name="/samples/Web/">
    <Project Path="samples/WebController/WebController.csproj" />
    <Project Path="samples/WebMinimal/WebMinimal.csproj" />
    <Project Path="samples/WebMinimalGrpc/WebMinimalGrpc.csproj" />
    <Project Path="samples/WebMinimalPartitioned/WebMinimalPartitioned.csproj" />
    <Project Path="samples/WebShared/WebShared.csproj" />
  </Folder>
  <Folder Name="/src/">
    <Project Path="src/PollR.AspNetCore/PollR.AspNetCore.csproj" />
    <Project Path="src/PollR.Tests/PollR.Tests.csproj" />
    <Project Path="src/PollR/PollR.csproj" />
  </Folder>
</Solution>
